
Microsoft Visual Studio Solution File, Format Version 12.00
# Visual Studio 15
Project("{FAE04EC0-301F-11D3-BF4B-00C04F79EFBC}") = "NumbersSortOut", "NumbersSortOut\NumbersSortOut.csproj", "{70530D0C-17DA-44CF-8F76-E373A5295042}"
EndProject
Global
	GlobalSection(SolutionConfigurationPlatforms) = preSolution
		Debug|Any CPU = Debug|Any CPU
		Release|Any CPU = Release|Any CPU
	EndGlobalSection
	GlobalSection(ProjectConfigurationPlatforms) = postSolution
		{70530D0C-17DA-44CF-8F76-E373A5295042}.Debug|Any CPU.ActiveCfg = Debug|Any CPU
		{70530D0C-17DA-44CF-8F76-E373A5295042}.Debug|Any CPU.Build.0 = Debug|Any CPU
		{70530D0C-17DA-44CF-8F76-E373A5295042}.Release|Any CPU.ActiveCfg = Release|Any CPU
		{70530D0C-17DA-44CF-8F76-E373A5295042}.Release|Any CPU.Build.0 = Release|Any CPU
	EndGlobalSection
EndGlobal
